// !$*UTF8*$!
{
	archiveVersion = 1;
	classes = {
	};
	objectVersion = 56;
	objects = {

/* Begin PBXBuildFile section */
		323A6B432BE3A973008F1E51 /* HomeBannerCollectionViewCell.swift in Sources */ = {isa = PBXBuildFile; fileRef = 323A6B422BE3A973008F1E51 /* HomeBannerCollectionViewCell.swift */; };
		3257D5EC2BDF6F7600E520EB /* AppDelegate.swift in Sources */ = {isa = PBXBuildFile; fileRef = 3257D5EB2BDF6F7600E520EB /* AppDelegate.swift */; };
		3257D5EE2BDF6F7600E520EB /* SceneDelegate.swift in Sources */ = {isa = PBXBuildFile; fileRef = 3257D5ED2BDF6F7600E520EB /* SceneDelegate.swift */; };
		3257D5F52BDF6F7700E520EB /* Assets.xcassets in Resources */ = {isa = PBXBuildFile; fileRef = 3257D5F42BDF6F7700E520EB /* Assets.xcassets */; };
		3257D5F82BDF6F7700E520EB /* LaunchScreen.storyboard in Resources */ = {isa = PBXBuildFile; fileRef = 3257D5F62BDF6F7700E520EB /* LaunchScreen.storyboard */; };
		3257D6002BDF71E100E520EB /* Splash.storyboard in Resources */ = {isa = PBXBuildFile; fileRef = 3257D5FF2BDF71E100E520EB /* Splash.storyboard */; };
		3257D6022BDF721A00E520EB /* SplashViewController.swift in Sources */ = {isa = PBXBuildFile; fileRef = 3257D6012BDF721A00E520EB /* SplashViewController.swift */; };
		32629FD82BE0EEC800D5F50C /* Lottie in Frameworks */ = {isa = PBXBuildFile; productRef = 32629FD72BE0EEC800D5F50C /* Lottie */; };
		32629FDB2BE2244E00D5F50C /* Images.xcassets in Resources */ = {isa = PBXBuildFile; fileRef = 32629FDA2BE2244E00D5F50C /* Images.xcassets */; };
		32629FDD2BE2261500D5F50C /* CCImages.swift in Sources */ = {isa = PBXBuildFile; fileRef = 32629FDC2BE2261500D5F50C /* CCImages.swift */; };
		32629FDF2BE2274C00D5F50C /* Colors.xcassets in Resources */ = {isa = PBXBuildFile; fileRef = 32629FDE2BE2274C00D5F50C /* Colors.xcassets */; };
		32629FE12BE22A1800D5F50C /* CCColor.swift in Sources */ = {isa = PBXBuildFile; fileRef = 32629FE02BE22A1800D5F50C /* CCColor.swift */; };
		32629FE32BE22B5000D5F50C /* CCFont.swift in Sources */ = {isa = PBXBuildFile; fileRef = 32629FE22BE22B5000D5F50C /* CCFont.swift */; };
		32629FE52BE39D6400D5F50C /* Home.storyboard in Resources */ = {isa = PBXBuildFile; fileRef = 32629FE42BE39D6400D5F50C /* Home.storyboard */; };
		32629FE72BE39D8C00D5F50C /* HomeViewController.swift in Sources */ = {isa = PBXBuildFile; fileRef = 32629FE62BE39D8C00D5F50C /* HomeViewController.swift */; };
		328DD85B2BE4BC9D00EC9D85 /* HomeProductCollectionViewCell.swift in Sources */ = {isa = PBXBuildFile; fileRef = 328DD85A2BE4BC9D00EC9D85 /* HomeProductCollectionViewCell.swift */; };
		328DD85F2BEA153200EC9D85 /* NetworkService.swift in Sources */ = {isa = PBXBuildFile; fileRef = 328DD85E2BEA153200EC9D85 /* NetworkService.swift */; };
		328DD8622BEA162400EC9D85 /* HomeResponse.swift in Sources */ = {isa = PBXBuildFile; fileRef = 328DD8612BEA162400EC9D85 /* HomeResponse.swift */; };
		328DD8652BEA1A6400EC9D85 /* Kingfisher in Frameworks */ = {isa = PBXBuildFile; productRef = 328DD8642BEA1A6400EC9D85 /* Kingfisher */; };
		328DD8672BEA1B6700EC9D85 /* HomeViewModel.swift in Sources */ = {isa = PBXBuildFile; fileRef = 328DD8662BEA1B6700EC9D85 /* HomeViewModel.swift */; };
		328DD86A2BEB367600EC9D85 /* Numeric+Extensions.swift in Sources */ = {isa = PBXBuildFile; fileRef = 328DD8692BEB367600EC9D85 /* Numeric+Extensions.swift */; };
		328DD86C2BEB58DC00EC9D85 /* HomeCouponButtonCollectionViewCell.swift in Sources */ = {isa = PBXBuildFile; fileRef = 328DD86B2BEB58DC00EC9D85 /* HomeCouponButtonCollectionViewCell.swift */; };
		328DD86E2BEB64DA00EC9D85 /* HomeSperateLineCollectionViewCell.swift in Sources */ = {isa = PBXBuildFile; fileRef = 328DD86D2BEB64DA00EC9D85 /* HomeSperateLineCollectionViewCell.swift */; };
		328DD8702BEB6B8900EC9D85 /* HomeThemeCollectionViewCell.swift in Sources */ = {isa = PBXBuildFile; fileRef = 328DD86F2BEB6B8900EC9D85 /* HomeThemeCollectionViewCell.swift */; };
		328DD8722BEB6FD200EC9D85 /* HomeThemeHeaderCollectionReusableView.swift in Sources */ = {isa = PBXBuildFile; fileRef = 328DD8712BEB6FD200EC9D85 /* HomeThemeHeaderCollectionReusableView.swift */; };
		328DD8752BEC7F2100EC9D85 /* Favorite.storyboard in Resources */ = {isa = PBXBuildFile; fileRef = 328DD8742BEC7F2100EC9D85 /* Favorite.storyboard */; };
		328DD8772BEC7F3D00EC9D85 /* FavoriteViewController.swift in Sources */ = {isa = PBXBuildFile; fileRef = 328DD8762BEC7F3D00EC9D85 /* FavoriteViewController.swift */; };
		328DD8792BEC7F5D00EC9D85 /* FavoriteViewModel.swift in Sources */ = {isa = PBXBuildFile; fileRef = 328DD8782BEC7F5D00EC9D85 /* FavoriteViewModel.swift */; };
		328DD87B2BEC814F00EC9D85 /* FavoriteResponse.swift in Sources */ = {isa = PBXBuildFile; fileRef = 328DD87A2BEC814F00EC9D85 /* FavoriteResponse.swift */; };
		328DD87D2BEC81C500EC9D85 /* Product.swift in Sources */ = {isa = PBXBuildFile; fileRef = 328DD87C2BEC81C500EC9D85 /* Product.swift */; };
		328DD8802BEC850F00EC9D85 /* PurchaseButton.swift in Sources */ = {isa = PBXBuildFile; fileRef = 328DD87F2BEC850F00EC9D85 /* PurchaseButton.swift */; };
		328DD8842BEC861E00EC9D85 /* FavoriteItemTableViewCell.swift in Sources */ = {isa = PBXBuildFile; fileRef = 328DD8832BEC861E00EC9D85 /* FavoriteItemTableViewCell.swift */; };
		328DD8882BEC926E00EC9D85 /* DetailRootView.swift in Sources */ = {isa = PBXBuildFile; fileRef = 328DD8872BEC926E00EC9D85 /* DetailRootView.swift */; };
		328DD88A2BEC929400EC9D85 /* DetailViewModel.swift in Sources */ = {isa = PBXBuildFile; fileRef = 328DD8892BEC929400EC9D85 /* DetailViewModel.swift */; };
		328DD88C2BEC93C300EC9D85 /* ProductDetailResponse.swift in Sources */ = {isa = PBXBuildFile; fileRef = 328DD88B2BEC93C300EC9D85 /* ProductDetailResponse.swift */; };
		328DD88E2BEC967200EC9D85 /* DetailBannerView.swift in Sources */ = {isa = PBXBuildFile; fileRef = 328DD88D2BEC967200EC9D85 /* DetailBannerView.swift */; };
		328DD8902BEC995300EC9D85 /* DetailRateView.swift in Sources */ = {isa = PBXBuildFile; fileRef = 328DD88F2BEC995300EC9D85 /* DetailRateView.swift */; };
		328DD8922BEC9BEE00EC9D85 /* DetailOptionView.swift in Sources */ = {isa = PBXBuildFile; fileRef = 328DD8912BEC9BEE00EC9D85 /* DetailOptionView.swift */; };
		328DD8942BEC9D8500EC9D85 /* DetailPriceView.swift in Sources */ = {isa = PBXBuildFile; fileRef = 328DD8932BEC9D8500EC9D85 /* DetailPriceView.swift */; };
		328DD8962BECA70D00EC9D85 /* DetailMoreView.swift in Sources */ = {isa = PBXBuildFile; fileRef = 328DD8952BECA70D00EC9D85 /* DetailMoreView.swift */; };
		328DD8982BECA85600EC9D85 /* DetailPurchaseView.swift in Sources */ = {isa = PBXBuildFile; fileRef = 328DD8972BECA85600EC9D85 /* DetailPurchaseView.swift */; };
		328DD89A2BECAE2600EC9D85 /* Detail.storyboard in Resources */ = {isa = PBXBuildFile; fileRef = 328DD8992BECAE2600EC9D85 /* Detail.storyboard */; };
		328DD89C2BECAE4600EC9D85 /* DetailViewController.swift in Sources */ = {isa = PBXBuildFile; fileRef = 328DD89B2BECAE4600EC9D85 /* DetailViewController.swift */; };
		328DD89F2BECB13300EC9D85 /* OptionViewController.swift in Sources */ = {isa = PBXBuildFile; fileRef = 328DD89E2BECB13300EC9D85 /* OptionViewController.swift */; };
		328DD8A12BECB14200EC9D85 /* OptionViewModel.swift in Sources */ = {isa = PBXBuildFile; fileRef = 328DD8A02BECB14200EC9D85 /* OptionViewModel.swift */; };
		328DD8A32BECB15000EC9D85 /* OptionRootView.swift in Sources */ = {isa = PBXBuildFile; fileRef = 328DD8A22BECB15000EC9D85 /* OptionRootView.swift */; };
/* End PBXBuildFile section */

/* Begin PBXFileReference section */
		323A6B422BE3A973008F1E51 /* HomeBannerCollectionViewCell.swift */ = {isa = PBXFileReference; lastKnownFileType = sourcecode.swift; path = HomeBannerCollectionViewCell.swift; sourceTree = "<group>"; };
		3257D5E82BDF6F7600E520EB /* Ccommerce.app */ = {isa = PBXFileReference; explicitFileType = wrapper.application; includeInIndex = 0; path = Ccommerce.app; sourceTree = BUILT_PRODUCTS_DIR; };
		3257D5EB2BDF6F7600E520EB /* AppDelegate.swift */ = {isa = PBXFileReference; lastKnownFileType = sourcecode.swift; path = AppDelegate.swift; sourceTree = "<group>"; };
		3257D5ED2BDF6F7600E520EB /* SceneDelegate.swift */ = {isa = PBXFileReference; lastKnownFileType = sourcecode.swift; path = SceneDelegate.swift; sourceTree = "<group>"; };
		3257D5F42BDF6F7700E520EB /* Assets.xcassets */ = {isa = PBXFileReference; lastKnownFileType = folder.assetcatalog; path = Assets.xcassets; sourceTree = "<group>"; };
		3257D5F72BDF6F7700E520EB /* Base */ = {isa = PBXFileReference; lastKnownFileType = file.storyboard; name = Base; path = Base.lproj/LaunchScreen.storyboard; sourceTree = "<group>"; };
		3257D5F92BDF6F7700E520EB /* Info.plist */ = {isa = PBXFileReference; lastKnownFileType = text.plist.xml; path = Info.plist; sourceTree = "<group>"; };
		3257D5FF2BDF71E100E520EB /* Splash.storyboard */ = {isa = PBXFileReference; lastKnownFileType = file.storyboard; path = Splash.storyboard; sourceTree = "<group>"; };
		3257D6012BDF721A00E520EB /* SplashViewController.swift */ = {isa = PBXFileReference; lastKnownFileType = sourcecode.swift; path = SplashViewController.swift; sourceTree = "<group>"; };
		32629FDA2BE2244E00D5F50C /* Images.xcassets */ = {isa = PBXFileReference; lastKnownFileType = folder.assetcatalog; path = Images.xcassets; sourceTree = "<group>"; };
		32629FDC2BE2261500D5F50C /* CCImages.swift */ = {isa = PBXFileReference; lastKnownFileType = sourcecode.swift; path = CCImages.swift; sourceTree = "<group>"; };
		32629FDE2BE2274C00D5F50C /* Colors.xcassets */ = {isa = PBXFileReference; lastKnownFileType = folder.assetcatalog; path = Colors.xcassets; sourceTree = "<group>"; };
		32629FE02BE22A1800D5F50C /* CCColor.swift */ = {isa = PBXFileReference; lastKnownFileType = sourcecode.swift; path = CCColor.swift; sourceTree = "<group>"; };
		32629FE22BE22B5000D5F50C /* CCFont.swift */ = {isa = PBXFileReference; lastKnownFileType = sourcecode.swift; path = CCFont.swift; sourceTree = "<group>"; };
		32629FE42BE39D6400D5F50C /* Home.storyboard */ = {isa = PBXFileReference; lastKnownFileType = file.storyboard; path = Home.storyboard; sourceTree = "<group>"; };
		32629FE62BE39D8C00D5F50C /* HomeViewController.swift */ = {isa = PBXFileReference; lastKnownFileType = sourcecode.swift; path = HomeViewController.swift; sourceTree = "<group>"; };
		328DD85A2BE4BC9D00EC9D85 /* HomeProductCollectionViewCell.swift */ = {isa = PBXFileReference; lastKnownFileType = sourcecode.swift; path = HomeProductCollectionViewCell.swift; sourceTree = "<group>"; };
		328DD85E2BEA153200EC9D85 /* NetworkService.swift */ = {isa = PBXFileReference; lastKnownFileType = sourcecode.swift; path = NetworkService.swift; sourceTree = "<group>"; };
		328DD8612BEA162400EC9D85 /* HomeResponse.swift */ = {isa = PBXFileReference; lastKnownFileType = sourcecode.swift; path = HomeResponse.swift; sourceTree = "<group>"; };
		328DD8662BEA1B6700EC9D85 /* HomeViewModel.swift */ = {isa = PBXFileReference; lastKnownFileType = sourcecode.swift; path = HomeViewModel.swift; sourceTree = "<group>"; };
		328DD8692BEB367600EC9D85 /* Numeric+Extensions.swift */ = {isa = PBXFileReference; lastKnownFileType = sourcecode.swift; path = "Numeric+Extensions.swift"; sourceTree = "<group>"; };
		328DD86B2BEB58DC00EC9D85 /* HomeCouponButtonCollectionViewCell.swift */ = {isa = PBXFileReference; lastKnownFileType = sourcecode.swift; path = HomeCouponButtonCollectionViewCell.swift; sourceTree = "<group>"; };
		328DD86D2BEB64DA00EC9D85 /* HomeSperateLineCollectionViewCell.swift */ = {isa = PBXFileReference; lastKnownFileType = sourcecode.swift; path = HomeSperateLineCollectionViewCell.swift; sourceTree = "<group>"; };
		328DD86F2BEB6B8900EC9D85 /* HomeThemeCollectionViewCell.swift */ = {isa = PBXFileReference; lastKnownFileType = sourcecode.swift; path = HomeThemeCollectionViewCell.swift; sourceTree = "<group>"; };
		328DD8712BEB6FD200EC9D85 /* HomeThemeHeaderCollectionReusableView.swift */ = {isa = PBXFileReference; lastKnownFileType = sourcecode.swift; path = HomeThemeHeaderCollectionReusableView.swift; sourceTree = "<group>"; };
		328DD8742BEC7F2100EC9D85 /* Favorite.storyboard */ = {isa = PBXFileReference; lastKnownFileType = file.storyboard; path = Favorite.storyboard; sourceTree = "<group>"; };
		328DD8762BEC7F3D00EC9D85 /* FavoriteViewController.swift */ = {isa = PBXFileReference; lastKnownFileType = sourcecode.swift; path = FavoriteViewController.swift; sourceTree = "<group>"; };
		328DD8782BEC7F5D00EC9D85 /* FavoriteViewModel.swift */ = {isa = PBXFileReference; lastKnownFileType = sourcecode.swift; path = FavoriteViewModel.swift; sourceTree = "<group>"; };
		328DD87A2BEC814F00EC9D85 /* FavoriteResponse.swift */ = {isa = PBXFileReference; lastKnownFileType = sourcecode.swift; path = FavoriteResponse.swift; sourceTree = "<group>"; };
		328DD87C2BEC81C500EC9D85 /* Product.swift */ = {isa = PBXFileReference; lastKnownFileType = sourcecode.swift; path = Product.swift; sourceTree = "<group>"; };
		328DD87F2BEC850F00EC9D85 /* PurchaseButton.swift */ = {isa = PBXFileReference; lastKnownFileType = sourcecode.swift; path = PurchaseButton.swift; sourceTree = "<group>"; };
		328DD8832BEC861E00EC9D85 /* FavoriteItemTableViewCell.swift */ = {isa = PBXFileReference; lastKnownFileType = sourcecode.swift; path = FavoriteItemTableViewCell.swift; sourceTree = "<group>"; };
		328DD8872BEC926E00EC9D85 /* DetailRootView.swift */ = {isa = PBXFileReference; lastKnownFileType = sourcecode.swift; path = DetailRootView.swift; sourceTree = "<group>"; };
		328DD8892BEC929400EC9D85 /* DetailViewModel.swift */ = {isa = PBXFileReference; lastKnownFileType = sourcecode.swift; path = DetailViewModel.swift; sourceTree = "<group>"; };
		328DD88B2BEC93C300EC9D85 /* ProductDetailResponse.swift */ = {isa = PBXFileReference; lastKnownFileType = sourcecode.swift; path = ProductDetailResponse.swift; sourceTree = "<group>"; };
		328DD88D2BEC967200EC9D85 /* DetailBannerView.swift */ = {isa = PBXFileReference; lastKnownFileType = sourcecode.swift; path = DetailBannerView.swift; sourceTree = "<group>"; };
		328DD88F2BEC995300EC9D85 /* DetailRateView.swift */ = {isa = PBXFileReference; lastKnownFileType = sourcecode.swift; path = DetailRateView.swift; sourceTree = "<group>"; };
		328DD8912BEC9BEE00EC9D85 /* DetailOptionView.swift */ = {isa = PBXFileReference; lastKnownFileType = sourcecode.swift; path = DetailOptionView.swift; sourceTree = "<group>"; };
		328DD8932BEC9D8500EC9D85 /* DetailPriceView.swift */ = {isa = PBXFileReference; lastKnownFileType = sourcecode.swift; path = DetailPriceView.swift; sourceTree = "<group>"; };
		328DD8952BECA70D00EC9D85 /* DetailMoreView.swift */ = {isa = PBXFileReference; lastKnownFileType = sourcecode.swift; path = DetailMoreView.swift; sourceTree = "<group>"; };
		328DD8972BECA85600EC9D85 /* DetailPurchaseView.swift */ = {isa = PBXFileReference; lastKnownFileType = sourcecode.swift; path = DetailPurchaseView.swift; sourceTree = "<group>"; };
		328DD8992BECAE2600EC9D85 /* Detail.storyboard */ = {isa = PBXFileReference; lastKnownFileType = file.storyboard; path = Detail.storyboard; sourceTree = "<group>"; };
		328DD89B2BECAE4600EC9D85 /* DetailViewController.swift */ = {isa = PBXFileReference; lastKnownFileType = sourcecode.swift; path = DetailViewController.swift; sourceTree = "<group>"; };
		328DD89E2BECB13300EC9D85 /* OptionViewController.swift */ = {isa = PBXFileReference; lastKnownFileType = sourcecode.swift; path = OptionViewController.swift; sourceTree = "<group>"; };
		328DD8A02BECB14200EC9D85 /* OptionViewModel.swift */ = {isa = PBXFileReference; lastKnownFileType = sourcecode.swift; path = OptionViewModel.swift; sourceTree = "<group>"; };
		328DD8A22BECB15000EC9D85 /* OptionRootView.swift */ = {isa = PBXFileReference; lastKnownFileType = sourcecode.swift; path = OptionRootView.swift; sourceTree = "<group>"; };
/* End PBXFileReference section */

/* Begin PBXFrameworksBuildPhase section */
		3257D5E52BDF6F7600E520EB /* Frameworks */ = {
			isa = PBXFrameworksBuildPhase;
			buildActionMask = 2147483647;
			files = (
				328DD8652BEA1A6400EC9D85 /* Kingfisher in Frameworks */,
				32629FD82BE0EEC800D5F50C /* Lottie in Frameworks */,
			);
			runOnlyForDeploymentPostprocessing = 0;
		};
/* End PBXFrameworksBuildPhase section */

/* Begin PBXGroup section */
		3257D5DF2BDF6F7600E520EB = {
			isa = PBXGroup;
			children = (
				3257D5EA2BDF6F7600E520EB /* Ccommerce */,
				3257D5E92BDF6F7600E520EB /* Products */,
			);
			sourceTree = "<group>";
		};
		3257D5E92BDF6F7600E520EB /* Products */ = {
			isa = PBXGroup;
			children = (
				3257D5E82BDF6F7600E520EB /* Ccommerce.app */,
			);
			name = Products;
			sourceTree = "<group>";
		};
		3257D5EA2BDF6F7600E520EB /* Ccommerce */ = {
			isa = PBXGroup;
			children = (
				328DD8682BEB365D00EC9D85 /* Extensions */,
				328DD8602BEA161400EC9D85 /* Model */,
				328DD85D2BEA152200EC9D85 /* Network */,
				32629FEB2BE3A5A900D5F50C /* Delegates */,
				32629FD92BE2241F00D5F50C /* DesignSource */,
				32629FE82BE3A56B00D5F50C /* Feature */,
				3257D5F92BDF6F7700E520EB /* Info.plist */,
			);
			path = Ccommerce;
			sourceTree = "<group>";
		};
		32629FD92BE2241F00D5F50C /* DesignSource */ = {
			isa = PBXGroup;
			children = (
				3257D5F42BDF6F7700E520EB /* Assets.xcassets */,
				32629FDA2BE2244E00D5F50C /* Images.xcassets */,
				32629FDC2BE2261500D5F50C /* CCImages.swift */,
				32629FDE2BE2274C00D5F50C /* Colors.xcassets */,
				32629FE02BE22A1800D5F50C /* CCColor.swift */,
				32629FE22BE22B5000D5F50C /* CCFont.swift */,
			);
			path = DesignSource;
			sourceTree = "<group>";
		};
		32629FE82BE3A56B00D5F50C /* Feature */ = {
			isa = PBXGroup;
			children = (
				328DD89D2BECB10D00EC9D85 /* Option */,
				32629FEA2BE3A58A00D5F50C /* Splash */,
				328DD8852BEC923300EC9D85 /* Detail */,
				32629FE92BE3A58600D5F50C /* Home */,
				328DD8732BEC7EF100EC9D85 /* Favorite */,
			);
			path = Feature;
			sourceTree = "<group>";
		};
		32629FE92BE3A58600D5F50C /* Home */ = {
			isa = PBXGroup;
			children = (
				328DD85C2BEA10A900EC9D85 /* View */,
				32629FE42BE39D6400D5F50C /* Home.storyboard */,
				32629FE62BE39D8C00D5F50C /* HomeViewController.swift */,
				328DD8662BEA1B6700EC9D85 /* HomeViewModel.swift */,
			);
			path = Home;
			sourceTree = "<group>";
		};
		32629FEA2BE3A58A00D5F50C /* Splash */ = {
			isa = PBXGroup;
			children = (
				3257D5F62BDF6F7700E520EB /* LaunchScreen.storyboard */,
				3257D5FF2BDF71E100E520EB /* Splash.storyboard */,
				3257D6012BDF721A00E520EB /* SplashViewController.swift */,
			);
			path = Splash;
			sourceTree = "<group>";
		};
		32629FEB2BE3A5A900D5F50C /* Delegates */ = {
			isa = PBXGroup;
			children = (
				3257D5EB2BDF6F7600E520EB /* AppDelegate.swift */,
				3257D5ED2BDF6F7600E520EB /* SceneDelegate.swift */,
			);
			path = Delegates;
			sourceTree = "<group>";
		};
		328DD85C2BEA10A900EC9D85 /* View */ = {
			isa = PBXGroup;
			children = (
				323A6B422BE3A973008F1E51 /* HomeBannerCollectionViewCell.swift */,
				328DD85A2BE4BC9D00EC9D85 /* HomeProductCollectionViewCell.swift */,
				328DD86B2BEB58DC00EC9D85 /* HomeCouponButtonCollectionViewCell.swift */,
				328DD86D2BEB64DA00EC9D85 /* HomeSperateLineCollectionViewCell.swift */,
				328DD86F2BEB6B8900EC9D85 /* HomeThemeCollectionViewCell.swift */,
				328DD8712BEB6FD200EC9D85 /* HomeThemeHeaderCollectionReusableView.swift */,
			);
			path = View;
			sourceTree = "<group>";
		};
		328DD85D2BEA152200EC9D85 /* Network */ = {
			isa = PBXGroup;
			children = (
				328DD85E2BEA153200EC9D85 /* NetworkService.swift */,
			);
			path = Network;
			sourceTree = "<group>";
		};
		328DD8602BEA161400EC9D85 /* Model */ = {
			isa = PBXGroup;
			children = (
				328DD8612BEA162400EC9D85 /* HomeResponse.swift */,
				328DD87A2BEC814F00EC9D85 /* FavoriteResponse.swift */,
				328DD87C2BEC81C500EC9D85 /* Product.swift */,
				328DD88B2BEC93C300EC9D85 /* ProductDetailResponse.swift */,
			);
			path = Model;
			sourceTree = "<group>";
		};
		328DD8682BEB365D00EC9D85 /* Extensions */ = {
			isa = PBXGroup;
			children = (
				328DD8692BEB367600EC9D85 /* Numeric+Extensions.swift */,
			);
			path = Extensions;
			sourceTree = "<group>";
		};
		328DD8732BEC7EF100EC9D85 /* Favorite */ = {
			isa = PBXGroup;
			children = (
				328DD87E2BEC84F600EC9D85 /* View */,
				328DD8742BEC7F2100EC9D85 /* Favorite.storyboard */,
				328DD8762BEC7F3D00EC9D85 /* FavoriteViewController.swift */,
				328DD8782BEC7F5D00EC9D85 /* FavoriteViewModel.swift */,
			);
			path = Favorite;
			sourceTree = "<group>";
		};
		328DD87E2BEC84F600EC9D85 /* View */ = {
			isa = PBXGroup;
			children = (
				328DD87F2BEC850F00EC9D85 /* PurchaseButton.swift */,
				328DD8832BEC861E00EC9D85 /* FavoriteItemTableViewCell.swift */,
			);
			path = View;
			sourceTree = "<group>";
		};
		328DD8852BEC923300EC9D85 /* Detail */ = {
			isa = PBXGroup;
			children = (
				328DD8862BEC926000EC9D85 /* View */,
				328DD8892BEC929400EC9D85 /* DetailViewModel.swift */,
				328DD8992BECAE2600EC9D85 /* Detail.storyboard */,
				328DD89B2BECAE4600EC9D85 /* DetailViewController.swift */,
			);
			path = Detail;
			sourceTree = "<group>";
		};
		328DD8862BEC926000EC9D85 /* View */ = {
			isa = PBXGroup;
			children = (
				328DD8872BEC926E00EC9D85 /* DetailRootView.swift */,
				328DD88D2BEC967200EC9D85 /* DetailBannerView.swift */,
				328DD88F2BEC995300EC9D85 /* DetailRateView.swift */,
				328DD8912BEC9BEE00EC9D85 /* DetailOptionView.swift */,
				328DD8932BEC9D8500EC9D85 /* DetailPriceView.swift */,
				328DD8952BECA70D00EC9D85 /* DetailMoreView.swift */,
				328DD8972BECA85600EC9D85 /* DetailPurchaseView.swift */,
			);
			path = View;
			sourceTree = "<group>";
		};
		328DD89D2BECB10D00EC9D85 /* Option */ = {
			isa = PBXGroup;
			children = (
				328DD89E2BECB13300EC9D85 /* OptionViewController.swift */,
				328DD8A02BECB14200EC9D85 /* OptionViewModel.swift */,
				328DD8A22BECB15000EC9D85 /* OptionRootView.swift */,
			);
			path = Option;
			sourceTree = "<group>";
		};
/* End PBXGroup section */

/* Begin PBXNativeTarget section */
		3257D5E72BDF6F7600E520EB /* Ccommerce */ = {
			isa = PBXNativeTarget;
			buildConfigurationList = 3257D5FC2BDF6F7700E520EB /* Build configuration list for PBXNativeTarget "Ccommerce" */;
			buildPhases = (
				3257D5E42BDF6F7600E520EB /* Sources */,
				3257D5E52BDF6F7600E520EB /* Frameworks */,
				3257D5E62BDF6F7600E520EB /* Resources */,
			);
			buildRules = (
			);
			dependencies = (
			);
			name = Ccommerce;
			packageProductDependencies = (
				32629FD72BE0EEC800D5F50C /* Lottie */,
				328DD8642BEA1A6400EC9D85 /* Kingfisher */,
			);
			productName = Ccommerce;
			productReference = 3257D5E82BDF6F7600E520EB /* Ccommerce.app */;
			productType = "com.apple.product-type.application";
		};
/* End PBXNativeTarget section */

/* Begin PBXProject section */
		3257D5E02BDF6F7600E520EB /* Project object */ = {
			isa = PBXProject;
			attributes = {
				BuildIndependentTargetsInParallel = 1;
				LastSwiftUpdateCheck = 1520;
				LastUpgradeCheck = 1520;
				TargetAttributes = {
					3257D5E72BDF6F7600E520EB = {
						CreatedOnToolsVersion = 15.2;
					};
				};
			};
			buildConfigurationList = 3257D5E32BDF6F7600E520EB /* Build configuration list for PBXProject "Ccommerce" */;
			compatibilityVersion = "Xcode 14.0";
			developmentRegion = en;
			hasScannedForEncodings = 0;
			knownRegions = (
				en,
				Base,
			);
			mainGroup = 3257D5DF2BDF6F7600E520EB;
			packageReferences = (
				32629FD62BE0EEC800D5F50C /* XCRemoteSwiftPackageReference "lottie-ios" */,
				328DD8632BEA1A6400EC9D85 /* XCRemoteSwiftPackageReference "Kingfisher" */,
			);
			productRefGroup = 3257D5E92BDF6F7600E520EB /* Products */;
			projectDirPath = "";
			projectRoot = "";
			targets = (
				3257D5E72BDF6F7600E520EB /* Ccommerce */,
			);
		};
/* End PBXProject section */

/* Begin PBXResourcesBuildPhase section */
		3257D5E62BDF6F7600E520EB /* Resources */ = {
			isa = PBXResourcesBuildPhase;
			buildActionMask = 2147483647;
			files = (
				32629FE52BE39D6400D5F50C /* Home.storyboard in Resources */,
				3257D5F82BDF6F7700E520EB /* LaunchScreen.storyboard in Resources */,
				328DD8752BEC7F2100EC9D85 /* Favorite.storyboard in Resources */,
				328DD89A2BECAE2600EC9D85 /* Detail.storyboard in Resources */,
				32629FDB2BE2244E00D5F50C /* Images.xcassets in Resources */,
				3257D5F52BDF6F7700E520EB /* Assets.xcassets in Resources */,
				32629FDF2BE2274C00D5F50C /* Colors.xcassets in Resources */,
				3257D6002BDF71E100E520EB /* Splash.storyboard in Resources */,
			);
			runOnlyForDeploymentPostprocessing = 0;
		};
/* End PBXResourcesBuildPhase section */

/* Begin PBXSourcesBuildPhase section */
		3257D5E42BDF6F7600E520EB /* Sources */ = {
			isa = PBXSourcesBuildPhase;
			buildActionMask = 2147483647;
			files = (
				328DD89C2BECAE4600EC9D85 /* DetailViewController.swift in Sources */,
				328DD85F2BEA153200EC9D85 /* NetworkService.swift in Sources */,
				328DD86A2BEB367600EC9D85 /* Numeric+Extensions.swift in Sources */,
				328DD89F2BECB13300EC9D85 /* OptionViewController.swift in Sources */,
				32629FDD2BE2261500D5F50C /* CCImages.swift in Sources */,
				328DD85B2BE4BC9D00EC9D85 /* HomeProductCollectionViewCell.swift in Sources */,
				328DD8772BEC7F3D00EC9D85 /* FavoriteViewController.swift in Sources */,
				328DD8A32BECB15000EC9D85 /* OptionRootView.swift in Sources */,
				328DD8942BEC9D8500EC9D85 /* DetailPriceView.swift in Sources */,
				3257D5EC2BDF6F7600E520EB /* AppDelegate.swift in Sources */,
				328DD8722BEB6FD200EC9D85 /* HomeThemeHeaderCollectionReusableView.swift in Sources */,
				328DD8842BEC861E00EC9D85 /* FavoriteItemTableViewCell.swift in Sources */,
				328DD8792BEC7F5D00EC9D85 /* FavoriteViewModel.swift in Sources */,
				328DD8902BEC995300EC9D85 /* DetailRateView.swift in Sources */,
				328DD88C2BEC93C300EC9D85 /* ProductDetailResponse.swift in Sources */,
				328DD86C2BEB58DC00EC9D85 /* HomeCouponButtonCollectionViewCell.swift in Sources */,
				32629FE72BE39D8C00D5F50C /* HomeViewController.swift in Sources */,
				328DD8802BEC850F00EC9D85 /* PurchaseButton.swift in Sources */,
				32629FE12BE22A1800D5F50C /* CCColor.swift in Sources */,
				328DD88A2BEC929400EC9D85 /* DetailViewModel.swift in Sources */,
				328DD86E2BEB64DA00EC9D85 /* HomeSperateLineCollectionViewCell.swift in Sources */,
				328DD8922BEC9BEE00EC9D85 /* DetailOptionView.swift in Sources */,
				32629FE32BE22B5000D5F50C /* CCFont.swift in Sources */,
				328DD88E2BEC967200EC9D85 /* DetailBannerView.swift in Sources */,
				328DD8672BEA1B6700EC9D85 /* HomeViewModel.swift in Sources */,
				3257D5EE2BDF6F7600E520EB /* SceneDelegate.swift in Sources */,
				328DD8882BEC926E00EC9D85 /* DetailRootView.swift in Sources */,
				3257D6022BDF721A00E520EB /* SplashViewController.swift in Sources */,
				328DD8962BECA70D00EC9D85 /* DetailMoreView.swift in Sources */,
				328DD87B2BEC814F00EC9D85 /* FavoriteResponse.swift in Sources */,
				328DD8702BEB6B8900EC9D85 /* HomeThemeCollectionViewCell.swift in Sources */,
				328DD8982BECA85600EC9D85 /* DetailPurchaseView.swift in Sources */,
				328DD8A12BECB14200EC9D85 /* OptionViewModel.swift in Sources */,
				323A6B432BE3A973008F1E51 /* HomeBannerCollectionViewCell.swift in Sources */,
				328DD8622BEA162400EC9D85 /* HomeResponse.swift in Sources */,
				328DD87D2BEC81C500EC9D85 /* Product.swift in Sources */,
			);
			runOnlyForDeploymentPostprocessing = 0;
		};
/* End PBXSourcesBuildPhase section */

/* Begin PBXVariantGroup section */
		3257D5F62BDF6F7700E520EB /* LaunchScreen.storyboard */ = {
			isa = PBXVariantGroup;
			children = (
				3257D5F72BDF6F7700E520EB /* Base */,
			);
			name = LaunchScreen.storyboard;
			sourceTree = "<group>";
		};
/* End PBXVariantGroup section */

/* Begin XCBuildConfiguration section */
		3257D5FA2BDF6F7700E520EB /* Debug */ = {
			isa = XCBuildConfiguration;
			buildSettings = {
				ALWAYS_SEARCH_USER_PATHS = NO;
				ASSETCATALOG_COMPILER_GENERATE_SWIFT_ASSET_SYMBOL_EXTENSIONS = YES;
				CLANG_ANALYZER_NONNULL = YES;
				CLANG_ANALYZER_NUMBER_OBJECT_CONVERSION = YES_AGGRESSIVE;
				CLANG_CXX_LANGUAGE_STANDARD = "gnu++20";
				CLANG_ENABLE_MODULES = YES;
				CLANG_ENABLE_OBJC_ARC = YES;
				CLANG_ENABLE_OBJC_WEAK = YES;
				CLANG_WARN_BLOCK_CAPTURE_AUTORELEASING = YES;
				CLANG_WARN_BOOL_CONVERSION = YES;
				CLANG_WARN_COMMA = YES;
				CLANG_WARN_CONSTANT_CONVERSION = YES;
				CLANG_WARN_DEPRECATED_OBJC_IMPLEMENTATIONS = YES;
				CLANG_WARN_DIRECT_OBJC_ISA_USAGE = YES_ERROR;
				CLANG_WARN_DOCUMENTATION_COMMENTS = YES;
				CLANG_WARN_EMPTY_BODY = YES;
				CLANG_WARN_ENUM_CONVERSION = YES;
				CLANG_WARN_INFINITE_RECURSION = YES;
				CLANG_WARN_INT_CONVERSION = YES;
				CLANG_WARN_NON_LITERAL_NULL_CONVERSION = YES;
				CLANG_WARN_OBJC_IMPLICIT_RETAIN_SELF = YES;
				CLANG_WARN_OBJC_LITERAL_CONVERSION = YES;
				CLANG_WARN_OBJC_ROOT_CLASS = YES_ERROR;
				CLANG_WARN_QUOTED_INCLUDE_IN_FRAMEWORK_HEADER = YES;
				CLANG_WARN_RANGE_LOOP_ANALYSIS = YES;
				CLANG_WARN_STRICT_PROTOTYPES = YES;
				CLANG_WARN_SUSPICIOUS_MOVE = YES;
				CLANG_WARN_UNGUARDED_AVAILABILITY = YES_AGGRESSIVE;
				CLANG_WARN_UNREACHABLE_CODE = YES;
				CLANG_WARN__DUPLICATE_METHOD_MATCH = YES;
				COPY_PHASE_STRIP = NO;
				DEBUG_INFORMATION_FORMAT = dwarf;
				ENABLE_STRICT_OBJC_MSGSEND = YES;
				ENABLE_TESTABILITY = YES;
				ENABLE_USER_SCRIPT_SANDBOXING = YES;
				GCC_C_LANGUAGE_STANDARD = gnu17;
				GCC_DYNAMIC_NO_PIC = NO;
				GCC_NO_COMMON_BLOCKS = YES;
				GCC_OPTIMIZATION_LEVEL = 0;
				GCC_PREPROCESSOR_DEFINITIONS = (
					"DEBUG=1",
					"$(inherited)",
				);
				GCC_WARN_64_TO_32_BIT_CONVERSION = YES;
				GCC_WARN_ABOUT_RETURN_TYPE = YES_ERROR;
				GCC_WARN_UNDECLARED_SELECTOR = YES;
				GCC_WARN_UNINITIALIZED_AUTOS = YES_AGGRESSIVE;
				GCC_WARN_UNUSED_FUNCTION = YES;
				GCC_WARN_UNUSED_VARIABLE = YES;
				IPHONEOS_DEPLOYMENT_TARGET = 17.2;
				LOCALIZATION_PREFERS_STRING_CATALOGS = YES;
				MTL_ENABLE_DEBUG_INFO = INCLUDE_SOURCE;
				MTL_FAST_MATH = YES;
				ONLY_ACTIVE_ARCH = YES;
				SDKROOT = iphoneos;
				SWIFT_ACTIVE_COMPILATION_CONDITIONS = "DEBUG $(inherited)";
				SWIFT_OPTIMIZATION_LEVEL = "-Onone";
			};
			name = Debug;
		};
		3257D5FB2BDF6F7700E520EB /* Release */ = {
			isa = XCBuildConfiguration;
			buildSettings = {
				ALWAYS_SEARCH_USER_PATHS = NO;
				ASSETCATALOG_COMPILER_GENERATE_SWIFT_ASSET_SYMBOL_EXTENSIONS = YES;
				CLANG_ANALYZER_NONNULL = YES;
				CLANG_ANALYZER_NUMBER_OBJECT_CONVERSION = YES_AGGRESSIVE;
				CLANG_CXX_LANGUAGE_STANDARD = "gnu++20";
				CLANG_ENABLE_MODULES = YES;
				CLANG_ENABLE_OBJC_ARC = YES;
				CLANG_ENABLE_OBJC_WEAK = YES;
				CLANG_WARN_BLOCK_CAPTURE_AUTORELEASING = YES;
				CLANG_WARN_BOOL_CONVERSION = YES;
				CLANG_WARN_COMMA = YES;
				CLANG_WARN_CONSTANT_CONVERSION = YES;
				CLANG_WARN_DEPRECATED_OBJC_IMPLEMENTATIONS = YES;
				CLANG_WARN_DIRECT_OBJC_ISA_USAGE = YES_ERROR;
				CLANG_WARN_DOCUMENTATION_COMMENTS = YES;
				CLANG_WARN_EMPTY_BODY = YES;
				CLANG_WARN_ENUM_CONVERSION = YES;
				CLANG_WARN_INFINITE_RECURSION = YES;
				CLANG_WARN_INT_CONVERSION = YES;
				CLANG_WARN_NON_LITERAL_NULL_CONVERSION = YES;
				CLANG_WARN_OBJC_IMPLICIT_RETAIN_SELF = YES;
				CLANG_WARN_OBJC_LITERAL_CONVERSION = YES;
				CLANG_WARN_OBJC_ROOT_CLASS = YES_ERROR;
				CLANG_WARN_QUOTED_INCLUDE_IN_FRAMEWORK_HEADER = YES;
				CLANG_WARN_RANGE_LOOP_ANALYSIS = YES;
				CLANG_WARN_STRICT_PROTOTYPES = YES;
				CLANG_WARN_SUSPICIOUS_MOVE = YES;
				CLANG_WARN_UNGUARDED_AVAILABILITY = YES_AGGRESSIVE;
				CLANG_WARN_UNREACHABLE_CODE = YES;
				CLANG_WARN__DUPLICATE_METHOD_MATCH = YES;
				COPY_PHASE_STRIP = NO;
				DEBUG_INFORMATION_FORMAT = "dwarf-with-dsym";
				ENABLE_NS_ASSERTIONS = NO;
				ENABLE_STRICT_OBJC_MSGSEND = YES;
				ENABLE_USER_SCRIPT_SANDBOXING = YES;
				GCC_C_LANGUAGE_STANDARD = gnu17;
				GCC_NO_COMMON_BLOCKS = YES;
				GCC_WARN_64_TO_32_BIT_CONVERSION = YES;
				GCC_WARN_ABOUT_RETURN_TYPE = YES_ERROR;
				GCC_WARN_UNDECLARED_SELECTOR = YES;
				GCC_WARN_UNINITIALIZED_AUTOS = YES_AGGRESSIVE;
				GCC_WARN_UNUSED_FUNCTION = YES;
				GCC_WARN_UNUSED_VARIABLE = YES;
				IPHONEOS_DEPLOYMENT_TARGET = 17.2;
				LOCALIZATION_PREFERS_STRING_CATALOGS = YES;
				MTL_ENABLE_DEBUG_INFO = NO;
				MTL_FAST_MATH = YES;
				SDKROOT = iphoneos;
				SWIFT_COMPILATION_MODE = wholemodule;
				VALIDATE_PRODUCT = YES;
			};
			name = Release;
		};
		3257D5FD2BDF6F7700E520EB /* Debug */ = {
			isa = XCBuildConfiguration;
			buildSettings = {
				ASSETCATALOG_COMPILER_APPICON_NAME = AppIcon;
				ASSETCATALOG_COMPILER_GLOBAL_ACCENT_COLOR_NAME = AccentColor;
				CODE_SIGN_STYLE = Automatic;
				CURRENT_PROJECT_VERSION = 1;
				DEVELOPMENT_TEAM = 8SM853QWD8;
				GENERATE_INFOPLIST_FILE = YES;
				INFOPLIST_FILE = Ccommerce/Info.plist;
				INFOPLIST_KEY_UIApplicationSupportsIndirectInputEvents = YES;
				INFOPLIST_KEY_UILaunchStoryboardName = LaunchScreen;
				INFOPLIST_KEY_UIMainStoryboardFile = Splash;
				INFOPLIST_KEY_UISupportedInterfaceOrientations_iPad = "UIInterfaceOrientationPortrait UIInterfaceOrientationPortraitUpsideDown UIInterfaceOrientationLandscapeLeft UIInterfaceOrientationLandscapeRight";
				INFOPLIST_KEY_UISupportedInterfaceOrientations_iPhone = "UIInterfaceOrientationPortrait UIInterfaceOrientationLandscapeLeft UIInterfaceOrientationLandscapeRight";
				LD_RUNPATH_SEARCH_PATHS = (
					"$(inherited)",
					"@executable_path/Frameworks",
				);
				MARKETING_VERSION = 1.0;
				PRODUCT_BUNDLE_IDENTIFIER = kr.sb.Ccommerce;
				PRODUCT_NAME = "$(TARGET_NAME)";
				SUPPORTED_PLATFORMS = "iphoneos iphonesimulator";
				SUPPORTS_MACCATALYST = NO;
				SUPPORTS_MAC_DESIGNED_FOR_IPHONE_IPAD = NO;
				SUPPORTS_XR_DESIGNED_FOR_IPHONE_IPAD = NO;
				SWIFT_EMIT_LOC_STRINGS = YES;
				SWIFT_VERSION = 5.0;
				TARGETED_DEVICE_FAMILY = "1,2";
			};
			name = Debug;
		};
		3257D5FE2BDF6F7700E520EB /* Release */ = {
			isa = XCBuildConfiguration;
			buildSettings = {
				ASSETCATALOG_COMPILER_APPICON_NAME = AppIcon;
				ASSETCATALOG_COMPILER_GLOBAL_ACCENT_COLOR_NAME = AccentColor;
				CODE_SIGN_STYLE = Automatic;
				CURRENT_PROJECT_VERSION = 1;
				DEVELOPMENT_TEAM = 8SM853QWD8;
				GENERATE_INFOPLIST_FILE = YES;
				INFOPLIST_FILE = Ccommerce/Info.plist;
				INFOPLIST_KEY_UIApplicationSupportsIndirectInputEvents = YES;
				INFOPLIST_KEY_UILaunchStoryboardName = LaunchScreen;
				INFOPLIST_KEY_UIMainStoryboardFile = Splash;
				INFOPLIST_KEY_UISupportedInterfaceOrientations_iPad = "UIInterfaceOrientationPortrait UIInterfaceOrientationPortraitUpsideDown UIInterfaceOrientationLandscapeLeft UIInterfaceOrientationLandscapeRight";
				INFOPLIST_KEY_UISupportedInterfaceOrientations_iPhone = "UIInterfaceOrientationPortrait UIInterfaceOrientationLandscapeLeft UIInterfaceOrientationLandscapeRight";
				LD_RUNPATH_SEARCH_PATHS = (
					"$(inherited)",
					"@executable_path/Frameworks",
				);
				MARKETING_VERSION = 1.0;
				PRODUCT_BUNDLE_IDENTIFIER = kr.sb.Ccommerce;
				PRODUCT_NAME = "$(TARGET_NAME)";
				SUPPORTED_PLATFORMS = "iphoneos iphonesimulator";
				SUPPORTS_MACCATALYST = NO;
				SUPPORTS_MAC_DESIGNED_FOR_IPHONE_IPAD = NO;
				SUPPORTS_XR_DESIGNED_FOR_IPHONE_IPAD = NO;
				SWIFT_EMIT_LOC_STRINGS = YES;
				SWIFT_VERSION = 5.0;
				TARGETED_DEVICE_FAMILY = "1,2";
			};
			name = Release;
		};
/* End XCBuildConfiguration section */

/* Begin XCConfigurationList section */
		3257D5E32BDF6F7600E520EB /* Build configuration list for PBXProject "Ccommerce" */ = {
			isa = XCConfigurationList;
			buildConfigurations = (
				3257D5FA2BDF6F7700E520EB /* Debug */,
				3257D5FB2BDF6F7700E520EB /* Release */,
			);
			defaultConfigurationIsVisible = 0;
			defaultConfigurationName = Release;
		};
		3257D5FC2BDF6F7700E520EB /* Build configuration list for PBXNativeTarget "Ccommerce" */ = {
			isa = XCConfigurationList;
			buildConfigurations = (
				3257D5FD2BDF6F7700E520EB /* Debug */,
				3257D5FE2BDF6F7700E520EB /* Release */,
			);
			defaultConfigurationIsVisible = 0;
			defaultConfigurationName = Release;
		};
/* End XCConfigurationList section */

/* Begin XCRemoteSwiftPackageReference section */
		32629FD62BE0EEC800D5F50C /* XCRemoteSwiftPackageReference "lottie-ios" */ = {
			isa = XCRemoteSwiftPackageReference;
			repositoryURL = "https://github.com/airbnb/lottie-ios.git";
			requirement = {
				kind = upToNextMajorVersion;
				minimumVersion = 4.4.3;
			};
		};
		328DD8632BEA1A6400EC9D85 /* XCRemoteSwiftPackageReference "Kingfisher" */ = {
			isa = XCRemoteSwiftPackageReference;
			repositoryURL = "https://github.com/onevcat/Kingfisher.git";
			requirement = {
				kind = upToNextMajorVersion;
				minimumVersion = 7.11.0;
			};
		};
/* End XCRemoteSwiftPackageReference section */

/* Begin XCSwiftPackageProductDependency section */
		32629FD72BE0EEC800D5F50C /* Lottie */ = {
			isa = XCSwiftPackageProductDependency;
			package = 32629FD62BE0EEC800D5F50C /* XCRemoteSwiftPackageReference "lottie-ios" */;
			productName = Lottie;
		};
		328DD8642BEA1A6400EC9D85 /* Kingfisher */ = {
			isa = XCSwiftPackageProductDependency;
			package = 328DD8632BEA1A6400EC9D85 /* XCRemoteSwiftPackageReference "Kingfisher" */;
			productName = Kingfisher;
		};
/* End XCSwiftPackageProductDependency section */
	};
	rootObject = 3257D5E02BDF6F7600E520EB /* Project object */;
}
